
Microsoft Visual Studio Solution File, Format Version 12.00
# Visual Studio Version 16
VisualStudioVersion = 16.0.30320.27
MinimumVisualStudioVersion = 10.0.40219.1
Project("{9A19103F-16F7-4668-BE54-9A1E7A4F7556}") = "eShop", "eShop\eShop.csproj", "{00DA6678-C024-4F91-88CC-B8B239A1F73F}"
EndProject
Project("{9A19103F-16F7-4668-BE54-9A1E7A4F7556}") = "eShop.Tests", "eShop.Tests\eShop.Tests.csproj", "{0C82DABF-FABB-47EE-A715-986CE79DFFEF}"
EndProject
Project("{9A19103F-16F7-4668-BE54-9A1E7A4F7556}") = "IdentityServer", "eShop.Auth\IdentityServer\IdentityServer.csproj", "{1318F405-B170-4B56-9BC9-04C1A67993C7}"
EndProject
Project("{9A19103F-16F7-4668-BE54-9A1E7A4F7556}") = "Client", "Client\Client.csproj", "{5FC715F6-335F-4324-8F4E-E48AFF867FA9}"
EndProject
Project("{9A19103F-16F7-4668-BE54-9A1E7A4F7556}") = "MvcClient", "MvcClient\MvcClient\MvcClient.csproj", "{C56C10EF-DEF4-431A-8545-6FC56CE99790}"
EndProject
Global
	GlobalSection(SolutionConfigurationPlatforms) = preSolution
		Debug|Any CPU = Debug|Any CPU
		Release|Any CPU = Release|Any CPU
	EndGlobalSection
	GlobalSection(ProjectConfigurationPlatforms) = postSolution
		{00DA6678-C024-4F91-88CC-B8B239A1F73F}.Debug|Any CPU.ActiveCfg = Debug|Any CPU
		{00DA6678-C024-4F91-88CC-B8B239A1F73F}.Debug|Any CPU.Build.0 = Debug|Any CPU
		{00DA6678-C024-4F91-88CC-B8B239A1F73F}.Release|Any CPU.ActiveCfg = Release|Any CPU
		{00DA6678-C024-4F91-88CC-B8B239A1F73F}.Release|Any CPU.Build.0 = Release|Any CPU
		{0C82DABF-FABB-47EE-A715-986CE79DFFEF}.Debug|Any CPU.ActiveCfg = Debug|Any CPU
		{0C82DABF-FABB-47EE-A715-986CE79DFFEF}.Debug|Any CPU.Build.0 = Debug|Any CPU
		{0C82DABF-FABB-47EE-A715-986CE79DFFEF}.Release|Any CPU.ActiveCfg = Release|Any CPU
		{0C82DABF-FABB-47EE-A715-986CE79DFFEF}.Release|Any CPU.Build.0 = Release|Any CPU
		{1318F405-B170-4B56-9BC9-04C1A67993C7}.Debug|Any CPU.ActiveCfg = Debug|Any CPU
		{1318F405-B170-4B56-9BC9-04C1A67993C7}.Debug|Any CPU.Build.0 = Debug|Any CPU
		{1318F405-B170-4B56-9BC9-04C1A67993C7}.Release|Any CPU.ActiveCfg = Release|Any CPU
		{1318F405-B170-4B56-9BC9-04C1A67993C7}.Release|Any CPU.Build.0 = Release|Any CPU
		{5FC715F6-335F-4324-8F4E-E48AFF867FA9}.Debug|Any CPU.ActiveCfg = Debug|Any CPU
		{5FC715F6-335F-4324-8F4E-E48AFF867FA9}.Debug|Any CPU.Build.0 = Debug|Any CPU
		{5FC715F6-335F-4324-8F4E-E48AFF867FA9}.Release|Any CPU.ActiveCfg = Release|Any CPU
		{5FC715F6-335F-4324-8F4E-E48AFF867FA9}.Release|Any CPU.Build.0 = Release|Any CPU
		{C56C10EF-DEF4-431A-8545-6FC56CE99790}.Debug|Any CPU.ActiveCfg = Debug|Any CPU
		{C56C10EF-DEF4-431A-8545-6FC56CE99790}.Debug|Any CPU.Build.0 = Debug|Any CPU
		{C56C10EF-DEF4-431A-8545-6FC56CE99790}.Release|Any CPU.ActiveCfg = Release|Any CPU
		{C56C10EF-DEF4-431A-8545-6FC56CE99790}.Release|Any CPU.Build.0 = Release|Any CPU
	EndGlobalSection
	GlobalSection(SolutionProperties) = preSolution
		HideSolutionNode = FALSE
	EndGlobalSection
	GlobalSection(ExtensibilityGlobals) = postSolution
		SolutionGuid = {FF29F984-2586-497E-B4F4-908B27BC1DE2}
	EndGlobalSection
EndGlobal
